// !$*UTF8*$!
{
	archiveVersion = 1;
	classes = {
	};
	objectVersion = 46;
	objects = {

/* Begin PBXBuildFile section */
		E228599F1E1A057A00790088 /* HUD.swift in Sources */ = {isa = PBXBuildFile; fileRef = E228599E1E1A057A00790088 /* HUD.swift */; };
		E22ED7881E1FCA6100EE2096 /* ScalingWallGen.swift in Sources */ = {isa = PBXBuildFile; fileRef = E22ED7871E1FCA6100EE2096 /* ScalingWallGen.swift */; };
		E287E6891D3DA75300B6BC90 /* TSWallGen.swift in Sources */ = {isa = PBXBuildFile; fileRef = E287E6881D3DA75300B6BC90 /* TSWallGen.swift */; };
		E287E68B1D3DA76F00B6BC90 /* TSWall.swift in Sources */ = {isa = PBXBuildFile; fileRef = E287E68A1D3DA76F00B6BC90 /* TSWall.swift */; };
		E2DF62941D3834C7001E9252 /* AppDelegate.swift in Sources */ = {isa = PBXBuildFile; fileRef = E2DF62931D3834C7001E9252 /* AppDelegate.swift */; };
		E2DF62981D3834C7001E9252 /* GameScene.swift in Sources */ = {isa = PBXBuildFile; fileRef = E2DF62971D3834C7001E9252 /* GameScene.swift */; };
		E2DF629A1D3834C7001E9252 /* GameViewController.swift in Sources */ = {isa = PBXBuildFile; fileRef = E2DF62991D3834C7001E9252 /* GameViewController.swift */; };
		E2DF629D1D3834C7001E9252 /* Main.storyboard in Resources */ = {isa = PBXBuildFile; fileRef = E2DF629B1D3834C7001E9252 /* Main.storyboard */; };
		E2DF629F1D3834C7001E9252 /* Assets.xcassets in Resources */ = {isa = PBXBuildFile; fileRef = E2DF629E1D3834C7001E9252 /* Assets.xcassets */; };
		E2DF62A21D3834C7001E9252 /* LaunchScreen.storyboard in Resources */ = {isa = PBXBuildFile; fileRef = E2DF62A01D3834C7001E9252 /* LaunchScreen.storyboard */; };
		E2DF62AD1D3834C7001E9252 /* NimbleNinjaTests.swift in Sources */ = {isa = PBXBuildFile; fileRef = E2DF62AC1D3834C7001E9252 /* NimbleNinjaTests.swift */; };
		E2DF62B81D3834C7001E9252 /* NimbleNinjaUITests.swift in Sources */ = {isa = PBXBuildFile; fileRef = E2DF62B71D3834C7001E9252 /* NimbleNinjaUITests.swift */; };
		E2DF62C61D383B75001E9252 /* TSMovingGround.swift in Sources */ = {isa = PBXBuildFile; fileRef = E2DF62C51D383B75001E9252 /* TSMovingGround.swift */; };
		E2DF62C81D384FEC001E9252 /* TSHero.swift in Sources */ = {isa = PBXBuildFile; fileRef = E2DF62C71D384FEC001E9252 /* TSHero.swift */; };
		E2DF62CA1D389DD0001E9252 /* Constants.swift in Sources */ = {isa = PBXBuildFile; fileRef = E2DF62C91D389DD0001E9252 /* Constants.swift */; };
		E2DF62CC1D38A740001E9252 /* TSCloudGen.swift in Sources */ = {isa = PBXBuildFile; fileRef = E2DF62CB1D38A740001E9252 /* TSCloudGen.swift */; };
		E2DF62CE1D38A823001E9252 /* TSCloud.swift in Sources */ = {isa = PBXBuildFile; fileRef = E2DF62CD1D38A823001E9252 /* TSCloud.swift */; };
/* End PBXBuildFile section */

/* Begin PBXContainerItemProxy section */
		E2DF62A91D3834C7001E9252 /* PBXContainerItemProxy */ = {
			isa = PBXContainerItemProxy;
			containerPortal = E2DF62881D3834C7001E9252 /* Project object */;
			proxyType = 1;
			remoteGlobalIDString = E2DF628F1D3834C7001E9252;
			remoteInfo = NimbleNinja;
		};
		E2DF62B41D3834C7001E9252 /* PBXContainerItemProxy */ = {
			isa = PBXContainerItemProxy;
			containerPortal = E2DF62881D3834C7001E9252 /* Project object */;
			proxyType = 1;
			remoteGlobalIDString = E2DF628F1D3834C7001E9252;
			remoteInfo = NimbleNinja;
		};
/* End PBXContainerItemProxy section */

/* Begin PBXFileReference section */
		E228599E1E1A057A00790088 /* HUD.swift */ = {isa = PBXFileReference; fileEncoding = 4; lastKnownFileType = sourcecode.swift; name = HUD.swift; path = ../HUD.swift; sourceTree = "<group>"; };
		E22ED7871E1FCA6100EE2096 /* ScalingWallGen.swift */ = {isa = PBXFileReference; fileEncoding = 4; lastKnownFileType = sourcecode.swift; path = ScalingWallGen.swift; sourceTree = "<group>"; };
		E287E6881D3DA75300B6BC90 /* TSWallGen.swift */ = {isa = PBXFileReference; fileEncoding = 4; lastKnownFileType = sourcecode.swift; path = TSWallGen.swift; sourceTree = "<group>"; };
		E287E68A1D3DA76F00B6BC90 /* TSWall.swift */ = {isa = PBXFileReference; fileEncoding = 4; lastKnownFileType = sourcecode.swift; path = TSWall.swift; sourceTree = "<group>"; };
		E2DF62901D3834C7001E9252 /* NimbleNinja.app */ = {isa = PBXFileReference; explicitFileType = wrapper.application; includeInIndex = 0; path = NimbleNinja.app; sourceTree = BUILT_PRODUCTS_DIR; };
		E2DF62931D3834C7001E9252 /* AppDelegate.swift */ = {isa = PBXFileReference; lastKnownFileType = sourcecode.swift; path = AppDelegate.swift; sourceTree = "<group>"; };
		E2DF62971D3834C7001E9252 /* GameScene.swift */ = {isa = PBXFileReference; lastKnownFileType = sourcecode.swift; path = GameScene.swift; sourceTree = "<group>"; };
		E2DF62991D3834C7001E9252 /* GameViewController.swift */ = {isa = PBXFileReference; lastKnownFileType = sourcecode.swift; path = GameViewController.swift; sourceTree = "<group>"; };
		E2DF629C1D3834C7001E9252 /* Base */ = {isa = PBXFileReference; lastKnownFileType = file.storyboard; name = Base; path = Base.lproj/Main.storyboard; sourceTree = "<group>"; };
		E2DF629E1D3834C7001E9252 /* Assets.xcassets */ = {isa = PBXFileReference; lastKnownFileType = folder.assetcatalog; path = Assets.xcassets; sourceTree = "<group>"; };
		E2DF62A11D3834C7001E9252 /* Base */ = {isa = PBXFileReference; lastKnownFileType = file.storyboard; name = Base; path = Base.lproj/LaunchScreen.storyboard; sourceTree = "<group>"; };
		E2DF62A31D3834C7001E9252 /* Info.plist */ = {isa = PBXFileReference; lastKnownFileType = text.plist.xml; path = Info.plist; sourceTree = "<group>"; };
		E2DF62A81D3834C7001E9252 /* NimbleNinjaTests.xctest */ = {isa = PBXFileReference; explicitFileType = wrapper.cfbundle; includeInIndex = 0; path = NimbleNinjaTests.xctest; sourceTree = BUILT_PRODUCTS_DIR; };
		E2DF62AC1D3834C7001E9252 /* NimbleNinjaTests.swift */ = {isa = PBXFileReference; lastKnownFileType = sourcecode.swift; path = NimbleNinjaTests.swift; sourceTree = "<group>"; };
		E2DF62AE1D3834C7001E9252 /* Info.plist */ = {isa = PBXFileReference; lastKnownFileType = text.plist.xml; path = Info.plist; sourceTree = "<group>"; };
		E2DF62B31D3834C7001E9252 /* NimbleNinjaUITests.xctest */ = {isa = PBXFileReference; explicitFileType = wrapper.cfbundle; includeInIndex = 0; path = NimbleNinjaUITests.xctest; sourceTree = BUILT_PRODUCTS_DIR; };
		E2DF62B71D3834C7001E9252 /* NimbleNinjaUITests.swift */ = {isa = PBXFileReference; lastKnownFileType = sourcecode.swift; path = NimbleNinjaUITests.swift; sourceTree = "<group>"; };
		E2DF62B91D3834C7001E9252 /* Info.plist */ = {isa = PBXFileReference; lastKnownFileType = text.plist.xml; path = Info.plist; sourceTree = "<group>"; };
		E2DF62C51D383B75001E9252 /* TSMovingGround.swift */ = {isa = PBXFileReference; fileEncoding = 4; lastKnownFileType = sourcecode.swift; path = TSMovingGround.swift; sourceTree = "<group>"; };
		E2DF62C71D384FEC001E9252 /* TSHero.swift */ = {isa = PBXFileReference; fileEncoding = 4; lastKnownFileType = sourcecode.swift; path = TSHero.swift; sourceTree = "<group>"; };
		E2DF62C91D389DD0001E9252 /* Constants.swift */ = {isa = PBXFileReference; fileEncoding = 4; lastKnownFileType = sourcecode.swift; path = Constants.swift; sourceTree = "<group>"; };
		E2DF62CB1D38A740001E9252 /* TSCloudGen.swift */ = {isa = PBXFileReference; fileEncoding = 4; lastKnownFileType = sourcecode.swift; path = TSCloudGen.swift; sourceTree = "<group>"; };
		E2DF62CD1D38A823001E9252 /* TSCloud.swift */ = {isa = PBXFileReference; fileEncoding = 4; lastKnownFileType = sourcecode.swift; path = TSCloud.swift; sourceTree = "<group>"; };
/* End PBXFileReference section */

/* Begin PBXFrameworksBuildPhase section */
		E2DF628D1D3834C7001E9252 /* Frameworks */ = {
			isa = PBXFrameworksBuildPhase;
			buildActionMask = 2147483647;
			files = (
			);
			runOnlyForDeploymentPostprocessing = 0;
		};
		E2DF62A51D3834C7001E9252 /* Frameworks */ = {
			isa = PBXFrameworksBuildPhase;
			buildActionMask = 2147483647;
			files = (
			);
			runOnlyForDeploymentPostprocessing = 0;
		};
		E2DF62B01D3834C7001E9252 /* Frameworks */ = {
			isa = PBXFrameworksBuildPhase;
			buildActionMask = 2147483647;
			files = (
			);
			runOnlyForDeploymentPostprocessing = 0;
		};
/* End PBXFrameworksBuildPhase section */

/* Begin PBXGroup section */
		E287E68C1D3DA7AB00B6BC90 /* Wall Generation */ = {
			isa = PBXGroup;
			children = (
				E287E68A1D3DA76F00B6BC90 /* TSWall.swift */,
				E287E6881D3DA75300B6BC90 /* TSWallGen.swift */,
				E22ED7871E1FCA6100EE2096 /* ScalingWallGen.swift */,
			);
			name = "Wall Generation";
			sourceTree = "<group>";
		};
		E287E68D1D3DA7DA00B6BC90 /* Other Models */ = {
			isa = PBXGroup;
			children = (
				E2DF62C51D383B75001E9252 /* TSMovingGround.swift */,
				E2DF62C71D384FEC001E9252 /* TSHero.swift */,
			);
			name = "Other Models";
			sourceTree = "<group>";
		};
		E287E68E1D3DA80700B6BC90 /* Main Screen */ = {
			isa = PBXGroup;
			children = (
				E2DF62C91D389DD0001E9252 /* Constants.swift */,
				E2DF62931D3834C7001E9252 /* AppDelegate.swift */,
				E2DF62971D3834C7001E9252 /* GameScene.swift */,
				E2DF62991D3834C7001E9252 /* GameViewController.swift */,
				E2DF629B1D3834C7001E9252 /* Main.storyboard */,
				E2DF62A01D3834C7001E9252 /* LaunchScreen.storyboard */,
				E228599E1E1A057A00790088 /* HUD.swift */,
			);
			name = "Main Screen";
			sourceTree = "<group>";
		};
		E2DF62871D3834C7001E9252 = {
			isa = PBXGroup;
			children = (
				E2DF62921D3834C7001E9252 /* NimbleNinja */,
				E2DF62AB1D3834C7001E9252 /* NimbleNinjaTests */,
				E2DF62B61D3834C7001E9252 /* NimbleNinjaUITests */,
				E2DF62911D3834C7001E9252 /* Products */,
			);
			sourceTree = "<group>";
		};
		E2DF62911D3834C7001E9252 /* Products */ = {
			isa = PBXGroup;
			children = (
				E2DF62901D3834C7001E9252 /* NimbleNinja.app */,
				E2DF62A81D3834C7001E9252 /* NimbleNinjaTests.xctest */,
				E2DF62B31D3834C7001E9252 /* NimbleNinjaUITests.xctest */,
			);
			name = Products;
			sourceTree = "<group>";
		};
		E2DF62921D3834C7001E9252 /* NimbleNinja */ = {
			isa = PBXGroup;
			children = (
				E2DF62A31D3834C7001E9252 /* Info.plist */,
				E2DF629E1D3834C7001E9252 /* Assets.xcassets */,
				E287E68E1D3DA80700B6BC90 /* Main Screen */,
				E287E68D1D3DA7DA00B6BC90 /* Other Models */,
				E287E68C1D3DA7AB00B6BC90 /* Wall Generation */,
				E2DF62CF1D38A83F001E9252 /* Cloud Generation */,
			);
			path = NimbleNinja;
			sourceTree = "<group>";
		};
		E2DF62AB1D3834C7001E9252 /* NimbleNinjaTests */ = {
			isa = PBXGroup;
			children = (
				E2DF62AC1D3834C7001E9252 /* NimbleNinjaTests.swift */,
				E2DF62AE1D3834C7001E9252 /* Info.plist */,
			);
			path = NimbleNinjaTests;
			sourceTree = "<group>";
		};
		E2DF62B61D3834C7001E9252 /* NimbleNinjaUITests */ = {
			isa = PBXGroup;
			children = (
				E2DF62B71D3834C7001E9252 /* NimbleNinjaUITests.swift */,
				E2DF62B91D3834C7001E9252 /* Info.plist */,
			);
			path = NimbleNinjaUITests;
			sourceTree = "<group>";
		};
		E2DF62CF1D38A83F001E9252 /* Cloud Generation */ = {
			isa = PBXGroup;
			children = (
				E2DF62CD1D38A823001E9252 /* TSCloud.swift */,
				E2DF62CB1D38A740001E9252 /* TSCloudGen.swift */,
			);
			name = "Cloud Generation";
			sourceTree = "<group>";
		};
/* End PBXGroup section */

/* Begin PBXNativeTarget section */
		E2DF628F1D3834C7001E9252 /* NimbleNinja */ = {
			isa = PBXNativeTarget;
			buildConfigurationList = E2DF62BC1D3834C7001E9252 /* Build configuration list for PBXNativeTarget "NimbleNinja" */;
			buildPhases = (
				E2DF628C1D3834C7001E9252 /* Sources */,
				E2DF628D1D3834C7001E9252 /* Frameworks */,
				E2DF628E1D3834C7001E9252 /* Resources */,
			);
			buildRules = (
			);
			dependencies = (
			);
			name = NimbleNinja;
			productName = NimbleNinja;
			productReference = E2DF62901D3834C7001E9252 /* NimbleNinja.app */;
			productType = "com.apple.product-type.application";
		};
		E2DF62A71D3834C7001E9252 /* NimbleNinjaTests */ = {
			isa = PBXNativeTarget;
			buildConfigurationList = E2DF62BF1D3834C7001E9252 /* Build configuration list for PBXNativeTarget "NimbleNinjaTests" */;
			buildPhases = (
				E2DF62A41D3834C7001E9252 /* Sources */,
				E2DF62A51D3834C7001E9252 /* Frameworks */,
				E2DF62A61D3834C7001E9252 /* Resources */,
			);
			buildRules = (
			);
			dependencies = (
				E2DF62AA1D3834C7001E9252 /* PBXTargetDependency */,
			);
			name = NimbleNinjaTests;
			productName = NimbleNinjaTests;
			productReference = E2DF62A81D3834C7001E9252 /* NimbleNinjaTests.xctest */;
			productType = "com.apple.product-type.bundle.unit-test";
		};
		E2DF62B21D3834C7001E9252 /* NimbleNinjaUITests */ = {
			isa = PBXNativeTarget;
			buildConfigurationList = E2DF62C21D3834C7001E9252 /* Build configuration list for PBXNativeTarget "NimbleNinjaUITests" */;
			buildPhases = (
				E2DF62AF1D3834C7001E9252 /* Sources */,
				E2DF62B01D3834C7001E9252 /* Frameworks */,
				E2DF62B11D3834C7001E9252 /* Resources */,
			);
			buildRules = (
			);
			dependencies = (
				E2DF62B51D3834C7001E9252 /* PBXTargetDependency */,
			);
			name = NimbleNinjaUITests;
			productName = NimbleNinjaUITests;
			productReference = E2DF62B31D3834C7001E9252 /* NimbleNinjaUITests.xctest */;
			productType = "com.apple.product-type.bundle.ui-testing";
		};
/* End PBXNativeTarget section */

/* Begin PBXProject section */
		E2DF62881D3834C7001E9252 /* Project object */ = {
			isa = PBXProject;
			attributes = {
				LastSwiftUpdateCheck = 0730;
				LastUpgradeCheck = 0900;
				ORGANIZATIONNAME = "Tevin Scott";
				TargetAttributes = {
					E2DF628F1D3834C7001E9252 = {
						CreatedOnToolsVersion = 7.3.1;
						DevelopmentTeam = Z77JDD3BWU;
						LastSwiftMigration = 0900;
					};
					E2DF62A71D3834C7001E9252 = {
						CreatedOnToolsVersion = 7.3.1;
						LastSwiftMigration = 0900;
						TestTargetID = E2DF628F1D3834C7001E9252;
					};
					E2DF62B21D3834C7001E9252 = {
						CreatedOnToolsVersion = 7.3.1;
						LastSwiftMigration = 0900;
						TestTargetID = E2DF628F1D3834C7001E9252;
					};
				};
			};
			buildConfigurationList = E2DF628B1D3834C7001E9252 /* Build configuration list for PBXProject "NimbleNinja" */;
			compatibilityVersion = "Xcode 3.2";
			developmentRegion = English;
			hasScannedForEncodings = 0;
			knownRegions = (
				en,
				Base,
			);
			mainGroup = E2DF62871D3834C7001E9252;
			productRefGroup = E2DF62911D3834C7001E9252 /* Products */;
			projectDirPath = "";
			projectRoot = "";
			targets = (
				E2DF628F1D3834C7001E9252 /* NimbleNinja */,
				E2DF62A71D3834C7001E9252 /* NimbleNinjaTests */,
				E2DF62B21D3834C7001E9252 /* NimbleNinjaUITests */,
			);
		};
/* End PBXProject section */

/* Begin PBXResourcesBuildPhase section */
		E2DF628E1D3834C7001E9252 /* Resources */ = {
			isa = PBXResourcesBuildPhase;
			buildActionMask = 2147483647;
			files = (
				E2DF62A21D3834C7001E9252 /* LaunchScreen.storyboard in Resources */,
				E2DF629F1D3834C7001E9252 /* Assets.xcassets in Resources */,
				E2DF629D1D3834C7001E9252 /* Main.storyboard in Resources */,
			);
			runOnlyForDeploymentPostprocessing = 0;
		};
		E2DF62A61D3834C7001E9252 /* Resources */ = {
			isa = PBXResourcesBuildPhase;
			buildActionMask = 2147483647;
			files = (
			);
			runOnlyForDeploymentPostprocessing = 0;
		};
		E2DF62B11D3834C7001E9252 /* Resources */ = {
			isa = PBXResourcesBuildPhase;
			buildActionMask = 2147483647;
			files = (
			);
			runOnlyForDeploymentPostprocessing = 0;
		};
/* End PBXResourcesBuildPhase section */

/* Begin PBXSourcesBuildPhase section */
		E2DF628C1D3834C7001E9252 /* Sources */ = {
			isa = PBXSourcesBuildPhase;
			buildActionMask = 2147483647;
			files = (
				E2DF62981D3834C7001E9252 /* GameScene.swift in Sources */,
				E287E6891D3DA75300B6BC90 /* TSWallGen.swift in Sources */,
				E2DF62C61D383B75001E9252 /* TSMovingGround.swift in Sources */,
				E2DF62CC1D38A740001E9252 /* TSCloudGen.swift in Sources */,
				E2DF62C81D384FEC001E9252 /* TSHero.swift in Sources */,
				E2DF629A1D3834C7001E9252 /* GameViewController.swift in Sources */,
				E22ED7881E1FCA6100EE2096 /* ScalingWallGen.swift in Sources */,
				E228599F1E1A057A00790088 /* HUD.swift in Sources */,
				E287E68B1D3DA76F00B6BC90 /* TSWall.swift in Sources */,
				E2DF62941D3834C7001E9252 /* AppDelegate.swift in Sources */,
				E2DF62CE1D38A823001E9252 /* TSCloud.swift in Sources */,
				E2DF62CA1D389DD0001E9252 /* Constants.swift in Sources */,
			);
			runOnlyForDeploymentPostprocessing = 0;
		};
		E2DF62A41D3834C7001E9252 /* Sources */ = {
			isa = PBXSourcesBuildPhase;
			buildActionMask = 2147483647;
			files = (
				E2DF62AD1D3834C7001E9252 /* NimbleNinjaTests.swift in Sources */,
			);
			runOnlyForDeploymentPostprocessing = 0;
		};
		E2DF62AF1D3834C7001E9252 /* Sources */ = {
			isa = PBXSourcesBuildPhase;
			buildActionMask = 2147483647;
			files = (
				E2DF62B81D3834C7001E9252 /* NimbleNinjaUITests.swift in Sources */,
			);
			runOnlyForDeploymentPostprocessing = 0;
		};
/* End PBXSourcesBuildPhase section */

/* Begin PBXTargetDependency section */
		E2DF62AA1D3834C7001E9252 /* PBXTargetDependency */ = {
			isa = PBXTargetDependency;
			target = E2DF628F1D3834C7001E9252 /* NimbleNinja */;
			targetProxy = E2DF62A91D3834C7001E9252 /* PBXContainerItemProxy */;
		};
		E2DF62B51D3834C7001E9252 /* PBXTargetDependency */ = {
			isa = PBXTargetDependency;
			target = E2DF628F1D3834C7001E9252 /* NimbleNinja */;
			targetProxy = E2DF62B41D3834C7001E9252 /* PBXContainerItemProxy */;
		};
/* End PBXTargetDependency section */

/* Begin PBXVariantGroup section */
		E2DF629B1D3834C7001E9252 /* Main.storyboard */ = {
			isa = PBXVariantGroup;
			children = (
				E2DF629C1D3834C7001E9252 /* Base */,
			);
			name = Main.storyboard;
			sourceTree = "<group>";
		};
		E2DF62A01D3834C7001E9252 /* LaunchScreen.storyboard */ = {
			isa = PBXVariantGroup;
			children = (
				E2DF62A11D3834C7001E9252 /* Base */,
			);
			name = LaunchScreen.storyboard;
			sourceTree = "<group>";
		};
/* End PBXVariantGroup section */

/* Begin XCBuildConfiguration section */
		E2DF62BA1D3834C7001E9252 /* Debug */ = {
			isa = XCBuildConfiguration;
			buildSettings = {
				ALWAYS_SEARCH_USER_PATHS = NO;
				CLANG_ANALYZER_NONNULL = YES;
				CLANG_CXX_LANGUAGE_STANDARD = "gnu++0x";
				CLANG_CXX_LIBRARY = "libc++";
				CLANG_ENABLE_MODULES = YES;
				CLANG_ENABLE_OBJC_ARC = YES;
				CLANG_WARN_BLOCK_CAPTURE_AUTORELEASING = YES;
				CLANG_WARN_BOOL_CONVERSION = YES;
				CLANG_WARN_COMMA = YES;
				CLANG_WARN_CONSTANT_CONVERSION = YES;
				CLANG_WARN_DIRECT_OBJC_ISA_USAGE = YES_ERROR;
				CLANG_WARN_EMPTY_BODY = YES;
				CLANG_WARN_ENUM_CONVERSION = YES;
				CLANG_WARN_INFINITE_RECURSION = YES;
				CLANG_WARN_INT_CONVERSION = YES;
				CLANG_WARN_NON_LITERAL_NULL_CONVERSION = YES;
				CLANG_WARN_OBJC_LITERAL_CONVERSION = YES;
				CLANG_WARN_OBJC_ROOT_CLASS = YES_ERROR;
				CLANG_WARN_RANGE_LOOP_ANALYSIS = YES;
				CLANG_WARN_STRICT_PROTOTYPES = YES;
				CLANG_WARN_SUSPICIOUS_MOVE = YES;
				CLANG_WARN_UNREACHABLE_CODE = YES;
				CLANG_WARN__DUPLICATE_METHOD_MATCH = YES;
				"CODE_SIGN_IDENTITY[sdk=iphoneos*]" = "iPhone Developer";
				COPY_PHASE_STRIP = NO;
				DEBUG_INFORMATION_FORMAT = "dwarf-with-dsym";
				ENABLE_STRICT_OBJC_MSGSEND = YES;
				ENABLE_TESTABILITY = YES;
				GCC_C_LANGUAGE_STANDARD = gnu99;
				GCC_DYNAMIC_NO_PIC = NO;
				GCC_NO_COMMON_BLOCKS = YES;
				GCC_OPTIMIZATION_LEVEL = 0;
				GCC_PREPROCESSOR_DEFINITIONS = (
					"DEBUG=1",
					"$(inherited)",
				);
				GCC_WARN_64_TO_32_BIT_CONVERSION = YES;
				GCC_WARN_ABOUT_RETURN_TYPE = YES_ERROR;
				GCC_WARN_UNDECLARED_SELECTOR = YES;
				GCC_WARN_UNINITIALIZED_AUTOS = YES_AGGRESSIVE;
				GCC_WARN_UNUSED_FUNCTION = YES;
				GCC_WARN_UNUSED_VARIABLE = YES;
				IPHONEOS_DEPLOYMENT_TARGET = 10.0;
				MTL_ENABLE_DEBUG_INFO = YES;
				ONLY_ACTIVE_ARCH = YES;
				SDKROOT = iphoneos;
				SWIFT_OPTIMIZATION_LEVEL = "-Onone";
			};
			name = Debug;
		};
		E2DF62BB1D3834C7001E9252 /* Release */ = {
			isa = XCBuildConfiguration;
			buildSettings = {
				ALWAYS_SEARCH_USER_PATHS = NO;
				CLANG_ANALYZER_NONNULL = YES;
				CLANG_CXX_LANGUAGE_STANDARD = "gnu++0x";
				CLANG_CXX_LIBRARY = "libc++";
				CLANG_ENABLE_MODULES = YES;
				CLANG_ENABLE_OBJC_ARC = YES;
				CLANG_WARN_BLOCK_CAPTURE_AUTORELEASING = YES;
				CLANG_WARN_BOOL_CONVERSION = YES;
				CLANG_WARN_COMMA = YES;
				CLANG_WARN_CONSTANT_CONVERSION = YES;
				CLANG_WARN_DIRECT_OBJC_ISA_USAGE = YES_ERROR;
				CLANG_WARN_EMPTY_BODY = YES;
				CLANG_WARN_ENUM_CONVERSION = YES;
				CLANG_WARN_INFINITE_RECURSION = YES;
				CLANG_WARN_INT_CONVERSION = YES;
				CLANG_WARN_NON_LITERAL_NULL_CONVERSION = YES;
				CLANG_WARN_OBJC_LITERAL_CONVERSION = YES;
				CLANG_WARN_OBJC_ROOT_CLASS = YES_ERROR;
				CLANG_WARN_RANGE_LOOP_ANALYSIS = YES;
				CLANG_WARN_STRICT_PROTOTYPES = YES;
				CLANG_WARN_SUSPICIOUS_MOVE = YES;
				CLANG_WARN_UNREACHABLE_CODE = YES;
				CLANG_WARN__DUPLICATE_METHOD_MATCH = YES;
				"CODE_SIGN_IDENTITY[sdk=iphoneos*]" = "iPhone Developer";
				COPY_PHASE_STRIP = NO;
				DEBUG_INFORMATION_FORMAT = "dwarf-with-dsym";
				ENABLE_NS_ASSERTIONS = NO;
				ENABLE_STRICT_OBJC_MSGSEND = YES;
				GCC_C_LANGUAGE_STANDARD = gnu99;
				GCC_NO_COMMON_BLOCKS = YES;
				GCC_WARN_64_TO_32_BIT_CONVERSION = YES;
				GCC_WARN_ABOUT_RETURN_TYPE = YES_ERROR;
				GCC_WARN_UNDECLARED_SELECTOR = YES;
				GCC_WARN_UNINITIALIZED_AUTOS = YES_AGGRESSIVE;
				GCC_WARN_UNUSED_FUNCTION = YES;
				GCC_WARN_UNUSED_VARIABLE = YES;
				IPHONEOS_DEPLOYMENT_TARGET = 10.0;
				MTL_ENABLE_DEBUG_INFO = NO;
				SDKROOT = iphoneos;
				SWIFT_OPTIMIZATION_LEVEL = "-Owholemodule";
				VALIDATE_PRODUCT = YES;
			};
			name = Release;
		};
		E2DF62BD1D3834C7001E9252 /* Debug */ = {
			isa = XCBuildConfiguration;
			buildSettings = {
				ASSETCATALOG_COMPILER_APPICON_NAME = AppIcon;
				DEVELOPMENT_TEAM = Z77JDD3BWU;
				INFOPLIST_FILE = NimbleNinja/Info.plist;
				LD_RUNPATH_SEARCH_PATHS = "$(inherited) @executable_path/Frameworks";
				PRODUCT_BUNDLE_IDENTIFIER = Scotty.NimbleNinja;
				PRODUCT_NAME = "$(TARGET_NAME)";
				SWIFT_SWIFT3_OBJC_INFERENCE = Default;
				SWIFT_VERSION = 4.0;
			};
			name = Debug;
		};
		E2DF62BE1D3834C7001E9252 /* Release */ = {
			isa = XCBuildConfiguration;
			buildSettings = {
				ASSETCATALOG_COMPILER_APPICON_NAME = AppIcon;
				DEVELOPMENT_TEAM = Z77JDD3BWU;
				INFOPLIST_FILE = NimbleNinja/Info.plist;
				LD_RUNPATH_SEARCH_PATHS = "$(inherited) @executable_path/Frameworks";
				PRODUCT_BUNDLE_IDENTIFIER = Scotty.NimbleNinja;
				PRODUCT_NAME = "$(TARGET_NAME)";
				SWIFT_SWIFT3_OBJC_INFERENCE = Default;
				SWIFT_VERSION = 4.0;
			};
			name = Release;
		};
		E2DF62C01D3834C7001E9252 /* Debug */ = {
			isa = XCBuildConfiguration;
			buildSettings = {
				BUNDLE_LOADER = "$(TEST_HOST)";
				DEBUG_INFORMATION_FORMAT = dwarf;
				INFOPLIST_FILE = NimbleNinjaTests/Info.plist;
				LD_RUNPATH_SEARCH_PATHS = "$(inherited) @executable_path/Frameworks @loader_path/Frameworks";
				PRODUCT_BUNDLE_IDENTIFIER = Scotty.NimbleNinjaTests;
				PRODUCT_NAME = "$(TARGET_NAME)";
				SWIFT_SWIFT3_OBJC_INFERENCE = On;
				SWIFT_VERSION = 4.0;
				TEST_HOST = "$(BUILT_PRODUCTS_DIR)/NimbleNinja.app/NimbleNinja";
			};
			name = Debug;
		};
		E2DF62C11D3834C7001E9252 /* Release */ = {
			isa = XCBuildConfiguration;
			buildSettings = {
				BUNDLE_LOADER = "$(TEST_HOST)";
				INFOPLIST_FILE = NimbleNinjaTests/Info.plist;
				LD_RUNPATH_SEARCH_PATHS = "$(inherited) @executable_path/Frameworks @loader_path/Frameworks";
				PRODUCT_BUNDLE_IDENTIFIER = Scotty.NimbleNinjaTests;
				PRODUCT_NAME = "$(TARGET_NAME)";
				SWIFT_SWIFT3_OBJC_INFERENCE = On;
				SWIFT_VERSION = 4.0;
				TEST_HOST = "$(BUILT_PRODUCTS_DIR)/NimbleNinja.app/NimbleNinja";
			};
			name = Release;
		};
		E2DF62C31D3834C7001E9252 /* Debug */ = {
			isa = XCBuildConfiguration;
			buildSettings = {
				DEBUG_INFORMATION_FORMAT = dwarf;
				INFOPLIST_FILE = NimbleNinjaUITests/Info.plist;
				LD_RUNPATH_SEARCH_PATHS = "$(inherited) @executable_path/Frameworks @loader_path/Frameworks";
				PRODUCT_BUNDLE_IDENTIFIER = Scotty.NimbleNinjaUITests;
				PRODUCT_NAME = "$(TARGET_NAME)";
				SWIFT_SWIFT3_OBJC_INFERENCE = On;
				SWIFT_VERSION = 4.0;
				TEST_TARGET_NAME = NimbleNinja;
			};
			name = Debug;
		};
		E2DF62C41D3834C7001E9252 /* Release */ = {
			isa = XCBuildConfiguration;
			buildSettings = {
				INFOPLIST_FILE = NimbleNinjaUITests/Info.plist;
				LD_RUNPATH_SEARCH_PATHS = "$(inherited) @executable_path/Frameworks @loader_path/Frameworks";
				PRODUCT_BUNDLE_IDENTIFIER = Scotty.NimbleNinjaUITests;
				PRODUCT_NAME = "$(TARGET_NAME)";
				SWIFT_SWIFT3_OBJC_INFERENCE = On;
				SWIFT_VERSION = 4.0;
				TEST_TARGET_NAME = NimbleNinja;
			};
			name = Release;
		};
/* End XCBuildConfiguration section */

/* Begin XCConfigurationList section */
		E2DF628B1D3834C7001E9252 /* Build configuration list for PBXProject "NimbleNinja" */ = {
			isa = XCConfigurationList;
			buildConfigurations = (
				E2DF62BA1D3834C7001E9252 /* Debug */,
				E2DF62BB1D3834C7001E9252 /* Release */,
			);
			defaultConfigurationIsVisible = 0;
			defaultConfigurationName = Release;
		};
		E2DF62BC1D3834C7001E9252 /* Build configuration list for PBXNativeTarget "NimbleNinja" */ = {
			isa = XCConfigurationList;
			buildConfigurations = (
				E2DF62BD1D3834C7001E9252 /* Debug */,
				E2DF62BE1D3834C7001E9252 /* Release */,
			);
			defaultConfigurationIsVisible = 0;
			defaultConfigurationName = Release;
		};
		E2DF62BF1D3834C7001E9252 /* Build configuration list for PBXNativeTarget "NimbleNinjaTests" */ = {
			isa = XCConfigurationList;
			buildConfigurations = (
				E2DF62C01D3834C7001E9252 /* Debug */,
				E2DF62C11D3834C7001E9252 /* Release */,
			);
			defaultConfigurationIsVisible = 0;
			defaultConfigurationName = Release;
		};
		E2DF62C21D3834C7001E9252 /* Build configuration list for PBXNativeTarget "NimbleNinjaUITests" */ = {
			isa = XCConfigurationList;
			buildConfigurations = (
				E2DF62C31D3834C7001E9252 /* Debug */,
				E2DF62C41D3834C7001E9252 /* Release */,
			);
			defaultConfigurationIsVisible = 0;
			defaultConfigurationName = Release;
		};
/* End XCConfigurationList section */
	};
	rootObject = E2DF62881D3834C7001E9252 /* Project object */;
}
